
Microsoft Visual Studio Solution File, Format Version 12.00
# Visual Studio Version 17
VisualStudioVersion = 17.4.33213.308
MinimumVisualStudioVersion = 10.0.40219.1
Project("{9A19103F-16F7-4668-BE54-9A1E7A4F7556}") = "LotteryWebapi", "LotteryWebapi\LotteryWebapi.csproj", "{D505C43A-ABAD-42F0-9DA9-CD7DA341D053}"
EndProject
Project("{FAE04EC0-301F-11D3-BF4B-00C04F79EFBC}") = "K6TestChart", "K6TestChart\K6TestChart.csproj", "{4ABA3CEC-7A97-4210-9725-A56E4EF6C0AC}"
EndProject
Global
	GlobalSection(SolutionConfigurationPlatforms) = preSolution
		Debug|Any CPU = Debug|Any CPU
		Release|Any CPU = Release|Any CPU
	EndGlobalSection
	GlobalSection(ProjectConfigurationPlatforms) = postSolution
		{D505C43A-ABAD-42F0-9DA9-CD7DA341D053}.Debug|Any CPU.ActiveCfg = Debug|Any CPU
		{D505C43A-ABAD-42F0-9DA9-CD7DA341D053}.Debug|Any CPU.Build.0 = Debug|Any CPU
		{D505C43A-ABAD-42F0-9DA9-CD7DA341D053}.Release|Any CPU.ActiveCfg = Release|Any CPU
		{D505C43A-ABAD-42F0-9DA9-CD7DA341D053}.Release|Any CPU.Build.0 = Release|Any CPU
		{4ABA3CEC-7A97-4210-9725-A56E4EF6C0AC}.Debug|Any CPU.ActiveCfg = Debug|Any CPU
		{4ABA3CEC-7A97-4210-9725-A56E4EF6C0AC}.Debug|Any CPU.Build.0 = Debug|Any CPU
		{4ABA3CEC-7A97-4210-9725-A56E4EF6C0AC}.Release|Any CPU.ActiveCfg = Release|Any CPU
		{4ABA3CEC-7A97-4210-9725-A56E4EF6C0AC}.Release|Any CPU.Build.0 = Release|Any CPU
	EndGlobalSection
	GlobalSection(SolutionProperties) = preSolution
		HideSolutionNode = FALSE
	EndGlobalSection
	GlobalSection(ExtensibilityGlobals) = postSolution
		SolutionGuid = {877CBFB7-1B48-4541-B0BD-C50B26D0C286}
	EndGlobalSection
EndGlobal
